
Microsoft Visual Studio Solution File, Format Version 12.00
# Visual Studio Version 16
VisualStudioVersion = 16.0.31321.278
MinimumVisualStudioVersion = 10.0.40219.1
Project("{9A19103F-16F7-4668-BE54-9A1E7A4F7556}") = "GenerationalApp", "GenerationalApp\GenerationalApp.csproj", "{8FE0FF12-5908-4168-9369-AD94D47A94D8}"
EndProject
Global
	GlobalSection(SolutionConfigurationPlatforms) = preSolution
		Debug|Any CPU = Debug|Any CPU
		Debug|x64 = Debug|x64
		Release|Any CPU = Release|Any CPU
		Release|x64 = Release|x64
	EndGlobalSection
	GlobalSection(ProjectConfigurationPlatforms) = postSolution
		{8FE0FF12-5908-4168-9369-AD94D47A94D8}.Debug|Any CPU.ActiveCfg = Debug|Any CPU
		{8FE0FF12-5908-4168-9369-AD94D47A94D8}.Debug|Any CPU.Build.0 = Debug|Any CPU
		{8FE0FF12-5908-4168-9369-AD94D47A94D8}.Debug|x64.ActiveCfg = Debug|Any CPU
		{8FE0FF12-5908-4168-9369-AD94D47A94D8}.Debug|x64.Build.0 = Debug|Any CPU
		{8FE0FF12-5908-4168-9369-AD94D47A94D8}.Release|Any CPU.ActiveCfg = Release|Any CPU
		{8FE0FF12-5908-4168-9369-AD94D47A94D8}.Release|Any CPU.Build.0 = Release|Any CPU
		{8FE0FF12-5908-4168-9369-AD94D47A94D8}.Release|x64.ActiveCfg = Release|Any CPU
		{8FE0FF12-5908-4168-9369-AD94D47A94D8}.Release|x64.Build.0 = Release|Any CPU
	EndGlobalSection
	GlobalSection(SolutionProperties) = preSolution
		HideSolutionNode = FALSE
	EndGlobalSection
	GlobalSection(ExtensibilityGlobals) = postSolution
		SolutionGuid = {B8DCE0C3-37B2-497F-9F39-2A03CB28FB05}
	EndGlobalSection
EndGlobal
