
Microsoft Visual Studio Solution File, Format Version 12.00
# Visual Studio Version 16
VisualStudioVersion = 16.0.31321.278
MinimumVisualStudioVersion = 10.0.40219.1
Project("{9A19103F-16F7-4668-BE54-9A1E7A4F7556}") = "HomeworkLeak", "HomeworkLeak\HomeworkLeak.csproj", "{21CADFC9-204E-4354-9565-1E9B24F4B429}"
EndProject
Project("{9A19103F-16F7-4668-BE54-9A1E7A4F7556}") = "GCPerfSim", "GCPerfSim\GCPerfSim.csproj", "{0F9A24E6-CF8C-4213-AE9A-A01A800ED3D4}"
EndProject
Global
	GlobalSection(SolutionConfigurationPlatforms) = preSolution
		Debug|Any CPU = Debug|Any CPU
		Debug|x64 = Debug|x64
		Release|Any CPU = Release|Any CPU
		Release|x64 = Release|x64
	EndGlobalSection
	GlobalSection(ProjectConfigurationPlatforms) = postSolution
		{21CADFC9-204E-4354-9565-1E9B24F4B429}.Debug|Any CPU.ActiveCfg = Debug|Any CPU
		{21CADFC9-204E-4354-9565-1E9B24F4B429}.Debug|Any CPU.Build.0 = Debug|Any CPU
		{21CADFC9-204E-4354-9565-1E9B24F4B429}.Debug|x64.ActiveCfg = Debug|Any CPU
		{21CADFC9-204E-4354-9565-1E9B24F4B429}.Debug|x64.Build.0 = Debug|Any CPU
		{21CADFC9-204E-4354-9565-1E9B24F4B429}.Release|Any CPU.ActiveCfg = Release|Any CPU
		{21CADFC9-204E-4354-9565-1E9B24F4B429}.Release|Any CPU.Build.0 = Release|Any CPU
		{21CADFC9-204E-4354-9565-1E9B24F4B429}.Release|x64.ActiveCfg = Release|Any CPU
		{21CADFC9-204E-4354-9565-1E9B24F4B429}.Release|x64.Build.0 = Release|Any CPU
		{0F9A24E6-CF8C-4213-AE9A-A01A800ED3D4}.Debug|Any CPU.ActiveCfg = Debug|Any CPU
		{0F9A24E6-CF8C-4213-AE9A-A01A800ED3D4}.Debug|Any CPU.Build.0 = Debug|Any CPU
		{0F9A24E6-CF8C-4213-AE9A-A01A800ED3D4}.Debug|x64.ActiveCfg = Debug|Any CPU
		{0F9A24E6-CF8C-4213-AE9A-A01A800ED3D4}.Debug|x64.Build.0 = Debug|Any CPU
		{0F9A24E6-CF8C-4213-AE9A-A01A800ED3D4}.Release|Any CPU.ActiveCfg = Release|Any CPU
		{0F9A24E6-CF8C-4213-AE9A-A01A800ED3D4}.Release|Any CPU.Build.0 = Release|Any CPU
		{0F9A24E6-CF8C-4213-AE9A-A01A800ED3D4}.Release|x64.ActiveCfg = Release|Any CPU
		{0F9A24E6-CF8C-4213-AE9A-A01A800ED3D4}.Release|x64.Build.0 = Release|Any CPU
	EndGlobalSection
	GlobalSection(SolutionProperties) = preSolution
		HideSolutionNode = FALSE
	EndGlobalSection
	GlobalSection(ExtensibilityGlobals) = postSolution
		SolutionGuid = {40A2F9C5-3609-4D9C-ADE3-27F7110BFC0D}
	EndGlobalSection
EndGlobal
